// !$*UTF8*$!
{
	archiveVersion = 1;
	classes = {
	};
	objectVersion = 46;
	objects = {

/* Begin PBXBuildFile section */
		18A5FF691E669CC600A12374 /* main.m in Sources */ = {isa = PBXBuildFile; fileRef = 18A5FF681E669CC600A12374 /* main.m */; };
		18A5FF6C1E669CC600A12374 /* AppDelegate.m in Sources */ = {isa = PBXBuildFile; fileRef = 18A5FF6B1E669CC600A12374 /* AppDelegate.m */; };
		18A5FF6F1E669CC600A12374 /* ViewController.m in Sources */ = {isa = PBXBuildFile; fileRef = 18A5FF6E1E669CC600A12374 /* ViewController.m */; };
		18A5FF721E669CC600A12374 /* Main.storyboard in Resources */ = {isa = PBXBuildFile; fileRef = 18A5FF701E669CC600A12374 /* Main.storyboard */; };
		18A5FF741E669CC600A12374 /* Assets.xcassets in Resources */ = {isa = PBXBuildFile; fileRef = 18A5FF731E669CC600A12374 /* Assets.xcassets */; };
		18A5FF771E669CC600A12374 /* LaunchScreen.storyboard in Resources */ = {isa = PBXBuildFile; fileRef = 18A5FF751E669CC600A12374 /* LaunchScreen.storyboard */; };
		18A5FF821E669CC900A12374 /* GraphicsDemoTests.m in Sources */ = {isa = PBXBuildFile; fileRef = 18A5FF811E669CC900A12374 /* GraphicsDemoTests.m */; };
		18A5FF8D1E669CC900A12374 /* GraphicsDemoUITests.m in Sources */ = {isa = PBXBuildFile; fileRef = 18A5FF8C1E669CC900A12374 /* GraphicsDemoUITests.m */; };
		18A5FFA71E66AB8100A12374 /* DrawLayerViewController.m in Sources */ = {isa = PBXBuildFile; fileRef = 18A5FFA51E66AB8100A12374 /* DrawLayerViewController.m */; };
		18A5FFA81E66AB8100A12374 /* DrawLayerViewController.xib in Resources */ = {isa = PBXBuildFile; fileRef = 18A5FFA61E66AB8100A12374 /* DrawLayerViewController.xib */; };
		18A5FFAB1E66C48500A12374 /* BezierPathTestView.m in Sources */ = {isa = PBXBuildFile; fileRef = 18A5FFAA1E66C48500A12374 /* BezierPathTestView.m */; };
		18A5FFAE1E66C66900A12374 /* CGContextRefView.m in Sources */ = {isa = PBXBuildFile; fileRef = 18A5FFAD1E66C66900A12374 /* CGContextRefView.m */; };
		18A5FFB11E66C69900A12374 /* TestViewController.m in Sources */ = {isa = PBXBuildFile; fileRef = 18A5FFB01E66C69900A12374 /* TestViewController.m */; };
/* End PBXBuildFile section */

/* Begin PBXContainerItemProxy section */
		18A5FF7E1E669CC900A12374 /* PBXContainerItemProxy */ = {
			isa = PBXContainerItemProxy;
			containerPortal = 18A5FF5C1E669CC600A12374 /* Project object */;
			proxyType = 1;
			remoteGlobalIDString = 18A5FF631E669CC600A12374;
			remoteInfo = GraphicsDemo;
		};
		18A5FF891E669CC900A12374 /* PBXContainerItemProxy */ = {
			isa = PBXContainerItemProxy;
			containerPortal = 18A5FF5C1E669CC600A12374 /* Project object */;
			proxyType = 1;
			remoteGlobalIDString = 18A5FF631E669CC600A12374;
			remoteInfo = GraphicsDemo;
		};
/* End PBXContainerItemProxy section */

/* Begin PBXFileReference section */
		18A5FF641E669CC600A12374 /* GraphicsDemo.app */ = {isa = PBXFileReference; explicitFileType = wrapper.application; includeInIndex = 0; path = GraphicsDemo.app; sourceTree = BUILT_PRODUCTS_DIR; };
		18A5FF681E669CC600A12374 /* main.m */ = {isa = PBXFileReference; lastKnownFileType = sourcecode.c.objc; path = main.m; sourceTree = "<group>"; };
		18A5FF6A1E669CC600A12374 /* AppDelegate.h */ = {isa = PBXFileReference; lastKnownFileType = sourcecode.c.h; path = AppDelegate.h; sourceTree = "<group>"; };
		18A5FF6B1E669CC600A12374 /* AppDelegate.m */ = {isa = PBXFileReference; lastKnownFileType = sourcecode.c.objc; path = AppDelegate.m; sourceTree = "<group>"; };
		18A5FF6D1E669CC600A12374 /* ViewController.h */ = {isa = PBXFileReference; lastKnownFileType = sourcecode.c.h; path = ViewController.h; sourceTree = "<group>"; };
		18A5FF6E1E669CC600A12374 /* ViewController.m */ = {isa = PBXFileReference; lastKnownFileType = sourcecode.c.objc; path = ViewController.m; sourceTree = "<group>"; };
		18A5FF711E669CC600A12374 /* Base */ = {isa = PBXFileReference; lastKnownFileType = file.storyboard; name = Base; path = Base.lproj/Main.storyboard; sourceTree = "<group>"; };
		18A5FF731E669CC600A12374 /* Assets.xcassets */ = {isa = PBXFileReference; lastKnownFileType = folder.assetcatalog; path = Assets.xcassets; sourceTree = "<group>"; };
		18A5FF761E669CC600A12374 /* Base */ = {isa = PBXFileReference; lastKnownFileType = file.storyboard; name = Base; path = Base.lproj/LaunchScreen.storyboard; sourceTree = "<group>"; };
		18A5FF781E669CC600A12374 /* Info.plist */ = {isa = PBXFileReference; lastKnownFileType = text.plist.xml; path = Info.plist; sourceTree = "<group>"; };
		18A5FF7D1E669CC900A12374 /* GraphicsDemoTests.xctest */ = {isa = PBXFileReference; explicitFileType = wrapper.cfbundle; includeInIndex = 0; path = GraphicsDemoTests.xctest; sourceTree = BUILT_PRODUCTS_DIR; };
		18A5FF811E669CC900A12374 /* GraphicsDemoTests.m */ = {isa = PBXFileReference; lastKnownFileType = sourcecode.c.objc; path = GraphicsDemoTests.m; sourceTree = "<group>"; };
		18A5FF831E669CC900A12374 /* Info.plist */ = {isa = PBXFileReference; lastKnownFileType = text.plist.xml; path = Info.plist; sourceTree = "<group>"; };
		18A5FF881E669CC900A12374 /* GraphicsDemoUITests.xctest */ = {isa = PBXFileReference; explicitFileType = wrapper.cfbundle; includeInIndex = 0; path = GraphicsDemoUITests.xctest; sourceTree = BUILT_PRODUCTS_DIR; };
		18A5FF8C1E669CC900A12374 /* GraphicsDemoUITests.m */ = {isa = PBXFileReference; lastKnownFileType = sourcecode.c.objc; path = GraphicsDemoUITests.m; sourceTree = "<group>"; };
		18A5FF8E1E669CC900A12374 /* Info.plist */ = {isa = PBXFileReference; lastKnownFileType = text.plist.xml; path = Info.plist; sourceTree = "<group>"; };
		18A5FFA41E66AB8100A12374 /* DrawLayerViewController.h */ = {isa = PBXFileReference; fileEncoding = 4; lastKnownFileType = sourcecode.c.h; path = DrawLayerViewController.h; sourceTree = "<group>"; };
		18A5FFA51E66AB8100A12374 /* DrawLayerViewController.m */ = {isa = PBXFileReference; fileEncoding = 4; lastKnownFileType = sourcecode.c.objc; path = DrawLayerViewController.m; sourceTree = "<group>"; };
		18A5FFA61E66AB8100A12374 /* DrawLayerViewController.xib */ = {isa = PBXFileReference; fileEncoding = 4; lastKnownFileType = file.xib; path = DrawLayerViewController.xib; sourceTree = "<group>"; };
		18A5FFA91E66C48500A12374 /* BezierPathTestView.h */ = {isa = PBXFileReference; fileEncoding = 4; lastKnownFileType = sourcecode.c.h; path = BezierPathTestView.h; sourceTree = "<group>"; };
		18A5FFAA1E66C48500A12374 /* BezierPathTestView.m */ = {isa = PBXFileReference; fileEncoding = 4; lastKnownFileType = sourcecode.c.objc; path = BezierPathTestView.m; sourceTree = "<group>"; };
		18A5FFAC1E66C66900A12374 /* CGContextRefView.h */ = {isa = PBXFileReference; fileEncoding = 4; lastKnownFileType = sourcecode.c.h; path = CGContextRefView.h; sourceTree = "<group>"; };
		18A5FFAD1E66C66900A12374 /* CGContextRefView.m */ = {isa = PBXFileReference; fileEncoding = 4; lastKnownFileType = sourcecode.c.objc; path = CGContextRefView.m; sourceTree = "<group>"; };
		18A5FFAF1E66C69900A12374 /* TestViewController.h */ = {isa = PBXFileReference; fileEncoding = 4; lastKnownFileType = sourcecode.c.h; path = TestViewController.h; sourceTree = "<group>"; };
		18A5FFB01E66C69900A12374 /* TestViewController.m */ = {isa = PBXFileReference; fileEncoding = 4; lastKnownFileType = sourcecode.c.objc; path = TestViewController.m; sourceTree = "<group>"; };
/* End PBXFileReference section */

/* Begin PBXFrameworksBuildPhase section */
		18A5FF611E669CC600A12374 /* Frameworks */ = {
			isa = PBXFrameworksBuildPhase;
			buildActionMask = 2147483647;
			files = (
			);
			runOnlyForDeploymentPostprocessing = 0;
		};
		18A5FF7A1E669CC900A12374 /* Frameworks */ = {
			isa = PBXFrameworksBuildPhase;
			buildActionMask = 2147483647;
			files = (
			);
			runOnlyForDeploymentPostprocessing = 0;
		};
		18A5FF851E669CC900A12374 /* Frameworks */ = {
			isa = PBXFrameworksBuildPhase;
			buildActionMask = 2147483647;
			files = (
			);
			runOnlyForDeploymentPostprocessing = 0;
		};
/* End PBXFrameworksBuildPhase section */

/* Begin PBXGroup section */
		18A5FF5B1E669CC600A12374 = {
			isa = PBXGroup;
			children = (
				18A5FF661E669CC600A12374 /* GraphicsDemo */,
				18A5FF801E669CC900A12374 /* GraphicsDemoTests */,
				18A5FF8B1E669CC900A12374 /* GraphicsDemoUITests */,
				18A5FF651E669CC600A12374 /* Products */,
			);
			sourceTree = "<group>";
		};
		18A5FF651E669CC600A12374 /* Products */ = {
			isa = PBXGroup;
			children = (
				18A5FF641E669CC600A12374 /* GraphicsDemo.app */,
				18A5FF7D1E669CC900A12374 /* GraphicsDemoTests.xctest */,
				18A5FF881E669CC900A12374 /* GraphicsDemoUITests.xctest */,
			);
			name = Products;
			sourceTree = "<group>";
		};
		18A5FF661E669CC600A12374 /* GraphicsDemo */ = {
			isa = PBXGroup;
			children = (
				18A5FF9B1E66A01C00A12374 /* TsetFiles */,
				18A5FF9A1E669FEE00A12374 /* AppInFiles */,
				18A5FF731E669CC600A12374 /* Assets.xcassets */,
				18A5FF751E669CC600A12374 /* LaunchScreen.storyboard */,
				18A5FF781E669CC600A12374 /* Info.plist */,
				18A5FF671E669CC600A12374 /* Supporting Files */,
			);
			path = GraphicsDemo;
			sourceTree = "<group>";
		};
		18A5FF671E669CC600A12374 /* Supporting Files */ = {
			isa = PBXGroup;
			children = (
				18A5FF681E669CC600A12374 /* main.m */,
			);
			name = "Supporting Files";
			sourceTree = "<group>";
		};
		18A5FF801E669CC900A12374 /* GraphicsDemoTests */ = {
			isa = PBXGroup;
			children = (
				18A5FF811E669CC900A12374 /* GraphicsDemoTests.m */,
				18A5FF831E669CC900A12374 /* Info.plist */,
			);
			path = GraphicsDemoTests;
			sourceTree = "<group>";
		};
		18A5FF8B1E669CC900A12374 /* GraphicsDemoUITests */ = {
			isa = PBXGroup;
			children = (
				18A5FF8C1E669CC900A12374 /* GraphicsDemoUITests.m */,
				18A5FF8E1E669CC900A12374 /* Info.plist */,
			);
			path = GraphicsDemoUITests;
			sourceTree = "<group>";
		};
		18A5FF9A1E669FEE00A12374 /* AppInFiles */ = {
			isa = PBXGroup;
			children = (
				18A5FF6A1E669CC600A12374 /* AppDelegate.h */,
				18A5FF6B1E669CC600A12374 /* AppDelegate.m */,
				18A5FF701E669CC600A12374 /* Main.storyboard */,
			);
			name = AppInFiles;
			sourceTree = "<group>";
		};
		18A5FF9B1E66A01C00A12374 /* TsetFiles */ = {
			isa = PBXGroup;
			children = (
				18A5FFB31E66C6EF00A12374 /* VIew */,
				18A5FFB21E66C6D800A12374 /* Controller */,
			);
			name = TsetFiles;
			sourceTree = "<group>";
		};
		18A5FFB21E66C6D800A12374 /* Controller */ = {
			isa = PBXGroup;
			children = (
				18A5FF6D1E669CC600A12374 /* ViewController.h */,
				18A5FF6E1E669CC600A12374 /* ViewController.m */,
				18A5FFA41E66AB8100A12374 /* DrawLayerViewController.h */,
				18A5FFA51E66AB8100A12374 /* DrawLayerViewController.m */,
				18A5FFA61E66AB8100A12374 /* DrawLayerViewController.xib */,
				18A5FFAF1E66C69900A12374 /* TestViewController.h */,
				18A5FFB01E66C69900A12374 /* TestViewController.m */,
			);
			name = Controller;
			sourceTree = "<group>";
		};
		18A5FFB31E66C6EF00A12374 /* VIew */ = {
			isa = PBXGroup;
			children = (
				18A5FFA91E66C48500A12374 /* BezierPathTestView.h */,
				18A5FFAA1E66C48500A12374 /* BezierPathTestView.m */,
				18A5FFAC1E66C66900A12374 /* CGContextRefView.h */,
				18A5FFAD1E66C66900A12374 /* CGContextRefView.m */,
			);
			name = VIew;
			sourceTree = "<group>";
		};
/* End PBXGroup section */

/* Begin PBXNativeTarget section */
		18A5FF631E669CC600A12374 /* GraphicsDemo */ = {
			isa = PBXNativeTarget;
			buildConfigurationList = 18A5FF911E669CC900A12374 /* Build configuration list for PBXNativeTarget "GraphicsDemo" */;
			buildPhases = (
				18A5FF601E669CC600A12374 /* Sources */,
				18A5FF611E669CC600A12374 /* Frameworks */,
				18A5FF621E669CC600A12374 /* Resources */,
			);
			buildRules = (
			);
			dependencies = (
			);
			name = GraphicsDemo;
			productName = GraphicsDemo;
			productReference = 18A5FF641E669CC600A12374 /* GraphicsDemo.app */;
			productType = "com.apple.product-type.application";
		};
		18A5FF7C1E669CC900A12374 /* GraphicsDemoTests */ = {
			isa = PBXNativeTarget;
			buildConfigurationList = 18A5FF941E669CC900A12374 /* Build configuration list for PBXNativeTarget "GraphicsDemoTests" */;
			buildPhases = (
				18A5FF791E669CC900A12374 /* Sources */,
				18A5FF7A1E669CC900A12374 /* Frameworks */,
				18A5FF7B1E669CC900A12374 /* Resources */,
			);
			buildRules = (
			);
			dependencies = (
				18A5FF7F1E669CC900A12374 /* PBXTargetDependency */,
			);
			name = GraphicsDemoTests;
			productName = GraphicsDemoTests;
			productReference = 18A5FF7D1E669CC900A12374 /* GraphicsDemoTests.xctest */;
			productType = "com.apple.product-type.bundle.unit-test";
		};
		18A5FF871E669CC900A12374 /* GraphicsDemoUITests */ = {
			isa = PBXNativeTarget;
			buildConfigurationList = 18A5FF971E669CC900A12374 /* Build configuration list for PBXNativeTarget "GraphicsDemoUITests" */;
			buildPhases = (
				18A5FF841E669CC900A12374 /* Sources */,
				18A5FF851E669CC900A12374 /* Frameworks */,
				18A5FF861E669CC900A12374 /* Resources */,
			);
			buildRules = (
			);
			dependencies = (
				18A5FF8A1E669CC900A12374 /* PBXTargetDependency */,
			);
			name = GraphicsDemoUITests;
			productName = GraphicsDemoUITests;
			productReference = 18A5FF881E669CC900A12374 /* GraphicsDemoUITests.xctest */;
			productType = "com.apple.product-type.bundle.ui-testing";
		};
/* End PBXNativeTarget section */

/* Begin PBXProject section */
		18A5FF5C1E669CC600A12374 /* Project object */ = {
			isa = PBXProject;
			attributes = {
				LastUpgradeCheck = 0820;
				ORGANIZATIONNAME = ZY;
				TargetAttributes = {
					18A5FF631E669CC600A12374 = {
						CreatedOnToolsVersion = 8.2;
						ProvisioningStyle = Automatic;
					};
					18A5FF7C1E669CC900A12374 = {
						CreatedOnToolsVersion = 8.2;
						ProvisioningStyle = Automatic;
						TestTargetID = 18A5FF631E669CC600A12374;
					};
					18A5FF871E669CC900A12374 = {
						CreatedOnToolsVersion = 8.2;
						ProvisioningStyle = Automatic;
						TestTargetID = 18A5FF631E669CC600A12374;
					};
				};
			};
			buildConfigurationList = 18A5FF5F1E669CC600A12374 /* Build configuration list for PBXProject "GraphicsDemo" */;
			compatibilityVersion = "Xcode 3.2";
			developmentRegion = English;
			hasScannedForEncodings = 0;
			knownRegions = (
				en,
				Base,
			);
			mainGroup = 18A5FF5B1E669CC600A12374;
			productRefGroup = 18A5FF651E669CC600A12374 /* Products */;
			projectDirPath = "";
			projectRoot = "";
			targets = (
				18A5FF631E669CC600A12374 /* GraphicsDemo */,
				18A5FF7C1E669CC900A12374 /* GraphicsDemoTests */,
				18A5FF871E669CC900A12374 /* GraphicsDemoUITests */,
			);
		};
/* End PBXProject section */

/* Begin PBXResourcesBuildPhase section */
		18A5FF621E669CC600A12374 /* Resources */ = {
			isa = PBXResourcesBuildPhase;
			buildActionMask = 2147483647;
			files = (
				18A5FF771E669CC600A12374 /* LaunchScreen.storyboard in Resources */,
				18A5FF741E669CC600A12374 /* Assets.xcassets in Resources */,
				18A5FFA81E66AB8100A12374 /* DrawLayerViewController.xib in Resources */,
				18A5FF721E669CC600A12374 /* Main.storyboard in Resources */,
			);
			runOnlyForDeploymentPostprocessing = 0;
		};
		18A5FF7B1E669CC900A12374 /* Resources */ = {
			isa = PBXResourcesBuildPhase;
			buildActionMask = 2147483647;
			files = (
			);
			runOnlyForDeploymentPostprocessing = 0;
		};
		18A5FF861E669CC900A12374 /* Resources */ = {
			isa = PBXResourcesBuildPhase;
			buildActionMask = 2147483647;
			files = (
			);
			runOnlyForDeploymentPostprocessing = 0;
		};
/* End PBXResourcesBuildPhase section */

/* Begin PBXSourcesBuildPhase section */
		18A5FF601E669CC600A12374 /* Sources */ = {
			isa = PBXSourcesBuildPhase;
			buildActionMask = 2147483647;
			files = (
				18A5FF6F1E669CC600A12374 /* ViewController.m in Sources */,
				18A5FF6C1E669CC600A12374 /* AppDelegate.m in Sources */,
				18A5FFB11E66C69900A12374 /* TestViewController.m in Sources */,
				18A5FFAE1E66C66900A12374 /* CGContextRefView.m in Sources */,
				18A5FFAB1E66C48500A12374 /* BezierPathTestView.m in Sources */,
				18A5FFA71E66AB8100A12374 /* DrawLayerViewController.m in Sources */,
				18A5FF691E669CC600A12374 /* main.m in Sources */,
			);
			runOnlyForDeploymentPostprocessing = 0;
		};
		18A5FF791E669CC900A12374 /* Sources */ = {
			isa = PBXSourcesBuildPhase;
			buildActionMask = 2147483647;
			files = (
				18A5FF821E669CC900A12374 /* GraphicsDemoTests.m in Sources */,
			);
			runOnlyForDeploymentPostprocessing = 0;
		};
		18A5FF841E669CC900A12374 /* Sources */ = {
			isa = PBXSourcesBuildPhase;
			buildActionMask = 2147483647;
			files = (
				18A5FF8D1E669CC900A12374 /* GraphicsDemoUITests.m in Sources */,
			);
			runOnlyForDeploymentPostprocessing = 0;
		};
/* End PBXSourcesBuildPhase section */

/* Begin PBXTargetDependency section */
		18A5FF7F1E669CC900A12374 /* PBXTargetDependency */ = {
			isa = PBXTargetDependency;
			target = 18A5FF631E669CC600A12374 /* GraphicsDemo */;
			targetProxy = 18A5FF7E1E669CC900A12374 /* PBXContainerItemProxy */;
		};
		18A5FF8A1E669CC900A12374 /* PBXTargetDependency */ = {
			isa = PBXTargetDependency;
			target = 18A5FF631E669CC600A12374 /* GraphicsDemo */;
			targetProxy = 18A5FF891E669CC900A12374 /* PBXContainerItemProxy */;
		};
/* End PBXTargetDependency section */

/* Begin PBXVariantGroup section */
		18A5FF701E669CC600A12374 /* Main.storyboard */ = {
			isa = PBXVariantGroup;
			children = (
				18A5FF711E669CC600A12374 /* Base */,
			);
			name = Main.storyboard;
			sourceTree = "<group>";
		};
		18A5FF751E669CC600A12374 /* LaunchScreen.storyboard */ = {
			isa = PBXVariantGroup;
			children = (
				18A5FF761E669CC600A12374 /* Base */,
			);
			name = LaunchScreen.storyboard;
			sourceTree = "<group>";
		};
/* End PBXVariantGroup section */

/* Begin XCBuildConfiguration section */
		18A5FF8F1E669CC900A12374 /* Debug */ = {
			isa = XCBuildConfiguration;
			buildSettings = {
				ALWAYS_SEARCH_USER_PATHS = NO;
				CLANG_ANALYZER_NONNULL = YES;
				CLANG_CXX_LANGUAGE_STANDARD = "gnu++0x";
				CLANG_CXX_LIBRARY = "libc++";
				CLANG_ENABLE_MODULES = YES;
				CLANG_ENABLE_OBJC_ARC = YES;
				CLANG_WARN_BOOL_CONVERSION = YES;
				CLANG_WARN_CONSTANT_CONVERSION = YES;
				CLANG_WARN_DIRECT_OBJC_ISA_USAGE = YES_ERROR;
				CLANG_WARN_DOCUMENTATION_COMMENTS = YES;
				CLANG_WARN_EMPTY_BODY = YES;
				CLANG_WARN_ENUM_CONVERSION = YES;
				CLANG_WARN_INFINITE_RECURSION = YES;
				CLANG_WARN_INT_CONVERSION = YES;
				CLANG_WARN_OBJC_ROOT_CLASS = YES_ERROR;
				CLANG_WARN_SUSPICIOUS_MOVE = YES;
				CLANG_WARN_UNREACHABLE_CODE = YES;
				CLANG_WARN__DUPLICATE_METHOD_MATCH = YES;
				"CODE_SIGN_IDENTITY[sdk=iphoneos*]" = "iPhone Developer";
				COPY_PHASE_STRIP = NO;
				DEBUG_INFORMATION_FORMAT = dwarf;
				ENABLE_STRICT_OBJC_MSGSEND = YES;
				ENABLE_TESTABILITY = YES;
				GCC_C_LANGUAGE_STANDARD = gnu99;
				GCC_DYNAMIC_NO_PIC = NO;
				GCC_NO_COMMON_BLOCKS = YES;
				GCC_OPTIMIZATION_LEVEL = 0;
				GCC_PREPROCESSOR_DEFINITIONS = (
					"DEBUG=1",
					"$(inherited)",
				);
				GCC_WARN_64_TO_32_BIT_CONVERSION = YES;
				GCC_WARN_ABOUT_RETURN_TYPE = YES_ERROR;
				GCC_WARN_UNDECLARED_SELECTOR = YES;
				GCC_WARN_UNINITIALIZED_AUTOS = YES_AGGRESSIVE;
				GCC_WARN_UNUSED_FUNCTION = YES;
				GCC_WARN_UNUSED_VARIABLE = YES;
				IPHONEOS_DEPLOYMENT_TARGET = 10.2;
				MTL_ENABLE_DEBUG_INFO = YES;
				ONLY_ACTIVE_ARCH = YES;
				SDKROOT = iphoneos;
				TARGETED_DEVICE_FAMILY = "1,2";
			};
			name = Debug;
		};
		18A5FF901E669CC900A12374 /* Release */ = {
			isa = XCBuildConfiguration;
			buildSettings = {
				ALWAYS_SEARCH_USER_PATHS = NO;
				CLANG_ANALYZER_NONNULL = YES;
				CLANG_CXX_LANGUAGE_STANDARD = "gnu++0x";
				CLANG_CXX_LIBRARY = "libc++";
				CLANG_ENABLE_MODULES = YES;
				CLANG_ENABLE_OBJC_ARC = YES;
				CLANG_WARN_BOOL_CONVERSION = YES;
				CLANG_WARN_CONSTANT_CONVERSION = YES;
				CLANG_WARN_DIRECT_OBJC_ISA_USAGE = YES_ERROR;
				CLANG_WARN_DOCUMENTATION_COMMENTS = YES;
				CLANG_WARN_EMPTY_BODY = YES;
				CLANG_WARN_ENUM_CONVERSION = YES;
				CLANG_WARN_INFINITE_RECURSION = YES;
				CLANG_WARN_INT_CONVERSION = YES;
				CLANG_WARN_OBJC_ROOT_CLASS = YES_ERROR;
				CLANG_WARN_SUSPICIOUS_MOVE = YES;
				CLANG_WARN_UNREACHABLE_CODE = YES;
				CLANG_WARN__DUPLICATE_METHOD_MATCH = YES;
				"CODE_SIGN_IDENTITY[sdk=iphoneos*]" = "iPhone Developer";
				COPY_PHASE_STRIP = NO;
				DEBUG_INFORMATION_FORMAT = "dwarf-with-dsym";
				ENABLE_NS_ASSERTIONS = NO;
				ENABLE_STRICT_OBJC_MSGSEND = YES;
				GCC_C_LANGUAGE_STANDARD = gnu99;
				GCC_NO_COMMON_BLOCKS = YES;
				GCC_WARN_64_TO_32_BIT_CONVERSION = YES;
				GCC_WARN_ABOUT_RETURN_TYPE = YES_ERROR;
				GCC_WARN_UNDECLARED_SELECTOR = YES;
				GCC_WARN_UNINITIALIZED_AUTOS = YES_AGGRESSIVE;
				GCC_WARN_UNUSED_FUNCTION = YES;
				GCC_WARN_UNUSED_VARIABLE = YES;
				IPHONEOS_DEPLOYMENT_TARGET = 10.2;
				MTL_ENABLE_DEBUG_INFO = NO;
				SDKROOT = iphoneos;
				TARGETED_DEVICE_FAMILY = "1,2";
				VALIDATE_PRODUCT = YES;
			};
			name = Release;
		};
		18A5FF921E669CC900A12374 /* Debug */ = {
			isa = XCBuildConfiguration;
			buildSettings = {
				ASSETCATALOG_COMPILER_APPICON_NAME = AppIcon;
				INFOPLIST_FILE = GraphicsDemo/Info.plist;
				IPHONEOS_DEPLOYMENT_TARGET = 8.1;
				LD_RUNPATH_SEARCH_PATHS = "$(inherited) @executable_path/Frameworks";
				PRODUCT_BUNDLE_IDENTIFIER = ZY.GraphicsDemo;
				PRODUCT_NAME = "$(TARGET_NAME)";
			};
			name = Debug;
		};
		18A5FF931E669CC900A12374 /* Release */ = {
			isa = XCBuildConfiguration;
			buildSettings = {
				ASSETCATALOG_COMPILER_APPICON_NAME = AppIcon;
				INFOPLIST_FILE = GraphicsDemo/Info.plist;
				IPHONEOS_DEPLOYMENT_TARGET = 8.1;
				LD_RUNPATH_SEARCH_PATHS = "$(inherited) @executable_path/Frameworks";
				PRODUCT_BUNDLE_IDENTIFIER = ZY.GraphicsDemo;
				PRODUCT_NAME = "$(TARGET_NAME)";
			};
			name = Release;
		};
		18A5FF951E669CC900A12374 /* Debug */ = {
			isa = XCBuildConfiguration;
			buildSettings = {
				BUNDLE_LOADER = "$(TEST_HOST)";
				INFOPLIST_FILE = GraphicsDemoTests/Info.plist;
				LD_RUNPATH_SEARCH_PATHS = "$(inherited) @executable_path/Frameworks @loader_path/Frameworks";
				PRODUCT_BUNDLE_IDENTIFIER = ZY.GraphicsDemoTests;
				PRODUCT_NAME = "$(TARGET_NAME)";
				TEST_HOST = "$(BUILT_PRODUCTS_DIR)/GraphicsDemo.app/GraphicsDemo";
			};
			name = Debug;
		};
		18A5FF961E669CC900A12374 /* Release */ = {
			isa = XCBuildConfiguration;
			buildSettings = {
				BUNDLE_LOADER = "$(TEST_HOST)";
				INFOPLIST_FILE = GraphicsDemoTests/Info.plist;
				LD_RUNPATH_SEARCH_PATHS = "$(inherited) @executable_path/Frameworks @loader_path/Frameworks";
				PRODUCT_BUNDLE_IDENTIFIER = ZY.GraphicsDemoTests;
				PRODUCT_NAME = "$(TARGET_NAME)";
				TEST_HOST = "$(BUILT_PRODUCTS_DIR)/GraphicsDemo.app/GraphicsDemo";
			};
			name = Release;
		};
		18A5FF981E669CC900A12374 /* Debug */ = {
			isa = XCBuildConfiguration;
			buildSettings = {
				INFOPLIST_FILE = GraphicsDemoUITests/Info.plist;
				LD_RUNPATH_SEARCH_PATHS = "$(inherited) @executable_path/Frameworks @loader_path/Frameworks";
				PRODUCT_BUNDLE_IDENTIFIER = ZY.GraphicsDemoUITests;
				PRODUCT_NAME = "$(TARGET_NAME)";
				TEST_TARGET_NAME = GraphicsDemo;
			};
			name = Debug;
		};
		18A5FF991E669CC900A12374 /* Release */ = {
			isa = XCBuildConfiguration;
			buildSettings = {
				INFOPLIST_FILE = GraphicsDemoUITests/Info.plist;
				LD_RUNPATH_SEARCH_PATHS = "$(inherited) @executable_path/Frameworks @loader_path/Frameworks";
				PRODUCT_BUNDLE_IDENTIFIER = ZY.GraphicsDemoUITests;
				PRODUCT_NAME = "$(TARGET_NAME)";
				TEST_TARGET_NAME = GraphicsDemo;
			};
			name = Release;
		};
/* End XCBuildConfiguration section */

/* Begin XCConfigurationList section */
		18A5FF5F1E669CC600A12374 /* Build configuration list for PBXProject "GraphicsDemo" */ = {
			isa = XCConfigurationList;
			buildConfigurations = (
				18A5FF8F1E669CC900A12374 /* Debug */,
				18A5FF901E669CC900A12374 /* Release */,
			);
			defaultConfigurationIsVisible = 0;
			defaultConfigurationName = Release;
		};
		18A5FF911E669CC900A12374 /* Build configuration list for PBXNativeTarget "GraphicsDemo" */ = {
			isa = XCConfigurationList;
			buildConfigurations = (
				18A5FF921E669CC900A12374 /* Debug */,
				18A5FF931E669CC900A12374 /* Release */,
			);
			defaultConfigurationIsVisible = 0;
		};
		18A5FF941E669CC900A12374 /* Build configuration list for PBXNativeTarget "GraphicsDemoTests" */ = {
			isa = XCConfigurationList;
			buildConfigurations = (
				18A5FF951E669CC900A12374 /* Debug */,
				18A5FF961E669CC900A12374 /* Release */,
			);
			defaultConfigurationIsVisible = 0;
		};
		18A5FF971E669CC900A12374 /* Build configuration list for PBXNativeTarget "GraphicsDemoUITests" */ = {
			isa = XCConfigurationList;
			buildConfigurations = (
				18A5FF981E669CC900A12374 /* Debug */,
				18A5FF991E669CC900A12374 /* Release */,
			);
			defaultConfigurationIsVisible = 0;
		};
/* End XCConfigurationList section */
	};
	rootObject = 18A5FF5C1E669CC600A12374 /* Project object */;
}
